
Microsoft Visual Studio Solution File, Format Version 12.00
# Visual Studio Version 17
VisualStudioVersion = 17.7.34202.233
MinimumVisualStudioVersion = 10.0.40219.1
Project("{FAE04EC0-301F-11D3-BF4B-00C04F79EFBC}") = "Herencia", "Herencia\Herencia.csproj", "{BB3D717B-A2CA-474F-9E0D-475CF47092F1}"
EndProject
Global
	GlobalSection(SolutionConfigurationPlatforms) = preSolution
		Debug|Any CPU = Debug|Any CPU
		Release|Any CPU = Release|Any CPU
	EndGlobalSection
	GlobalSection(ProjectConfigurationPlatforms) = postSolution
		{BB3D717B-A2CA-474F-9E0D-475CF47092F1}.Debug|Any CPU.ActiveCfg = Debug|Any CPU
		{BB3D717B-A2CA-474F-9E0D-475CF47092F1}.Debug|Any CPU.Build.0 = Debug|Any CPU
		{BB3D717B-A2CA-474F-9E0D-475CF47092F1}.Release|Any CPU.ActiveCfg = Release|Any CPU
		{BB3D717B-A2CA-474F-9E0D-475CF47092F1}.Release|Any CPU.Build.0 = Release|Any CPU
	EndGlobalSection
	GlobalSection(SolutionProperties) = preSolution
		HideSolutionNode = FALSE
	EndGlobalSection
	GlobalSection(ExtensibilityGlobals) = postSolution
		SolutionGuid = {20B52195-2A17-469D-AB38-FEC285DDCF90}
	EndGlobalSection
EndGlobal
